// !$*UTF8*$!
{
	archiveVersion = 1;
	classes = {
	};
	objectVersion = 77;
	objects = {

/* Begin PBXContainerItemProxy section */
		BB5DE6AE2DC738DA003AF6BF /* PBXContainerItemProxy */ = {
			isa = PBXContainerItemProxy;
			containerPortal = BB5DE68C2DC738D9003AF6BF /* Project object */;
			proxyType = 1;
			remoteGlobalIDString = BB5DE6932DC738D9003AF6BF;
			remoteInfo = TinkasSweetEscape;
		};
		BB5DE6B82DC738DA003AF6BF /* PBXContainerItemProxy */ = {
			isa = PBXContainerItemProxy;
			containerPortal = BB5DE68C2DC738D9003AF6BF /* Project object */;
			proxyType = 1;
			remoteGlobalIDString = BB5DE6932DC738D9003AF6BF;
			remoteInfo = TinkasSweetEscape;
		};
/* End PBXContainerItemProxy section */

/* Begin PBXFileReference section */
		BB5DE6942DC738D9003AF6BF /* TinkasSweetEscape.app */ = {isa = PBXFileReference; explicitFileType = wrapper.application; includeInIndex = 0; path = TinkasSweetEscape.app; sourceTree = BUILT_PRODUCTS_DIR; };
		BB5DE6AD2DC738DA003AF6BF /* TinkasSweetEscapeTests.xctest */ = {isa = PBXFileReference; explicitFileType = wrapper.cfbundle; includeInIndex = 0; path = TinkasSweetEscapeTests.xctest; sourceTree = BUILT_PRODUCTS_DIR; };
		BB5DE6B72DC738DA003AF6BF /* TinkasSweetEscapeUITests.xctest */ = {isa = PBXFileReference; explicitFileType = wrapper.cfbundle; includeInIndex = 0; path = TinkasSweetEscapeUITests.xctest; sourceTree = BUILT_PRODUCTS_DIR; };
/* End PBXFileReference section */

/* Begin PBXFileSystemSynchronizedRootGroup section */
		BB5DE6962DC738D9003AF6BF /* TinkasSweetEscape */ = {
			isa = PBXFileSystemSynchronizedRootGroup;
			path = TinkasSweetEscape;
			sourceTree = "<group>";
		};
		BB5DE6B02DC738DA003AF6BF /* TinkasSweetEscapeTests */ = {
			isa = PBXFileSystemSynchronizedRootGroup;
			path = TinkasSweetEscapeTests;
			sourceTree = "<group>";
		};
		BB5DE6BA2DC738DA003AF6BF /* TinkasSweetEscapeUITests */ = {
			isa = PBXFileSystemSynchronizedRootGroup;
			path = TinkasSweetEscapeUITests;
			sourceTree = "<group>";
		};
/* End PBXFileSystemSynchronizedRootGroup section */

/* Begin PBXFrameworksBuildPhase section */
		BB5DE6912DC738D9003AF6BF /* Frameworks */ = {
			isa = PBXFrameworksBuildPhase;
			buildActionMask = 2147483647;
			files = (
			);
			runOnlyForDeploymentPostprocessing = 0;
		};
		BB5DE6AA2DC738DA003AF6BF /* Frameworks */ = {
			isa = PBXFrameworksBuildPhase;
			buildActionMask = 2147483647;
			files = (
			);
			runOnlyForDeploymentPostprocessing = 0;
		};
		BB5DE6B42DC738DA003AF6BF /* Frameworks */ = {
			isa = PBXFrameworksBuildPhase;
			buildActionMask = 2147483647;
			files = (
			);
			runOnlyForDeploymentPostprocessing = 0;
		};
/* End PBXFrameworksBuildPhase section */

/* Begin PBXGroup section */
		BB5DE68B2DC738D9003AF6BF = {
			isa = PBXGroup;
			children = (
				BB5DE6962DC738D9003AF6BF /* TinkasSweetEscape */,
				BB5DE6B02DC738DA003AF6BF /* TinkasSweetEscapeTests */,
				BB5DE6BA2DC738DA003AF6BF /* TinkasSweetEscapeUITests */,
				BB5DE6952DC738D9003AF6BF /* Products */,
			);
			sourceTree = "<group>";
		};
		BB5DE6952DC738D9003AF6BF /* Products */ = {
			isa = PBXGroup;
			children = (
				BB5DE6942DC738D9003AF6BF /* TinkasSweetEscape.app */,
				BB5DE6AD2DC738DA003AF6BF /* TinkasSweetEscapeTests.xctest */,
				BB5DE6B72DC738DA003AF6BF /* TinkasSweetEscapeUITests.xctest */,
			);
			name = Products;
			sourceTree = "<group>";
		};
/* End PBXGroup section */

/* Begin PBXNativeTarget section */
		BB5DE6932DC738D9003AF6BF /* TinkasSweetEscape */ = {
			isa = PBXNativeTarget;
			buildConfigurationList = BB5DE6C12DC738DA003AF6BF /* Build configuration list for PBXNativeTarget "TinkasSweetEscape" */;
			buildPhases = (
				BB5DE6902DC738D9003AF6BF /* Sources */,
				BB5DE6912DC738D9003AF6BF /* Frameworks */,
				BB5DE6922DC738D9003AF6BF /* Resources */,
			);
			buildRules = (
			);
			dependencies = (
			);
			fileSystemSynchronizedGroups = (
				BB5DE6962DC738D9003AF6BF /* TinkasSweetEscape */,
			);
			name = TinkasSweetEscape;
			packageProductDependencies = (
			);
			productName = TinkasSweetEscape;
			productReference = BB5DE6942DC738D9003AF6BF /* TinkasSweetEscape.app */;
			productType = "com.apple.product-type.application";
		};
		BB5DE6AC2DC738DA003AF6BF /* TinkasSweetEscapeTests */ = {
			isa = PBXNativeTarget;
			buildConfigurationList = BB5DE6C42DC738DA003AF6BF /* Build configuration list for PBXNativeTarget "TinkasSweetEscapeTests" */;
			buildPhases = (
				BB5DE6A92DC738DA003AF6BF /* Sources */,
				BB5DE6AA2DC738DA003AF6BF /* Frameworks */,
				BB5DE6AB2DC738DA003AF6BF /* Resources */,
			);
			buildRules = (
			);
			dependencies = (
				BB5DE6AF2DC738DA003AF6BF /* PBXTargetDependency */,
			);
			fileSystemSynchronizedGroups = (
				BB5DE6B02DC738DA003AF6BF /* TinkasSweetEscapeTests */,
			);
			name = TinkasSweetEscapeTests;
			packageProductDependencies = (
			);
			productName = TinkasSweetEscapeTests;
			productReference = BB5DE6AD2DC738DA003AF6BF /* TinkasSweetEscapeTests.xctest */;
			productType = "com.apple.product-type.bundle.unit-test";
		};
		BB5DE6B62DC738DA003AF6BF /* TinkasSweetEscapeUITests */ = {
			isa = PBXNativeTarget;
			buildConfigurationList = BB5DE6C72DC738DA003AF6BF /* Build configuration list for PBXNativeTarget "TinkasSweetEscapeUITests" */;
			buildPhases = (
				BB5DE6B32DC738DA003AF6BF /* Sources */,
				BB5DE6B42DC738DA003AF6BF /* Frameworks */,
				BB5DE6B52DC738DA003AF6BF /* Resources */,
			);
			buildRules = (
			);
			dependencies = (
				BB5DE6B92DC738DA003AF6BF /* PBXTargetDependency */,
			);
			fileSystemSynchronizedGroups = (
				BB5DE6BA2DC738DA003AF6BF /* TinkasSweetEscapeUITests */,
			);
			name = TinkasSweetEscapeUITests;
			packageProductDependencies = (
			);
			productName = TinkasSweetEscapeUITests;
			productReference = BB5DE6B72DC738DA003AF6BF /* TinkasSweetEscapeUITests.xctest */;
			productType = "com.apple.product-type.bundle.ui-testing";
		};
/* End PBXNativeTarget section */

/* Begin PBXProject section */
		BB5DE68C2DC738D9003AF6BF /* Project object */ = {
			isa = PBXProject;
			attributes = {
				BuildIndependentTargetsInParallel = 1;
				LastSwiftUpdateCheck = 1630;
				LastUpgradeCheck = 1630;
				TargetAttributes = {
					BB5DE6932DC738D9003AF6BF = {
						CreatedOnToolsVersion = 16.3;
					};
					BB5DE6AC2DC738DA003AF6BF = {
						CreatedOnToolsVersion = 16.3;
						TestTargetID = BB5DE6932DC738D9003AF6BF;
					};
					BB5DE6B62DC738DA003AF6BF = {
						CreatedOnToolsVersion = 16.3;
						TestTargetID = BB5DE6932DC738D9003AF6BF;
					};
				};
			};
			buildConfigurationList = BB5DE68F2DC738D9003AF6BF /* Build configuration list for PBXProject "TinkasSweetEscape" */;
			developmentRegion = en;
			hasScannedForEncodings = 0;
			knownRegions = (
				en,
				Base,
			);
			mainGroup = BB5DE68B2DC738D9003AF6BF;
			minimizedProjectReferenceProxies = 1;
			preferredProjectObjectVersion = 77;
			productRefGroup = BB5DE6952DC738D9003AF6BF /* Products */;
			projectDirPath = "";
			projectRoot = "";
			targets = (
				BB5DE6932DC738D9003AF6BF /* TinkasSweetEscape */,
				BB5DE6AC2DC738DA003AF6BF /* TinkasSweetEscapeTests */,
				BB5DE6B62DC738DA003AF6BF /* TinkasSweetEscapeUITests */,
			);
		};
/* End PBXProject section */

/* Begin PBXResourcesBuildPhase section */
		BB5DE6922DC738D9003AF6BF /* Resources */ = {
			isa = PBXResourcesBuildPhase;
			buildActionMask = 2147483647;
			files = (
			);
			runOnlyForDeploymentPostprocessing = 0;
		};
		BB5DE6AB2DC738DA003AF6BF /* Resources */ = {
			isa = PBXResourcesBuildPhase;
			buildActionMask = 2147483647;
			files = (
			);
			runOnlyForDeploymentPostprocessing = 0;
		};
		BB5DE6B52DC738DA003AF6BF /* Resources */ = {
			isa = PBXResourcesBuildPhase;
			buildActionMask = 2147483647;
			files = (
			);
			runOnlyForDeploymentPostprocessing = 0;
		};
/* End PBXResourcesBuildPhase section */

/* Begin PBXSourcesBuildPhase section */
		BB5DE6902DC738D9003AF6BF /* Sources */ = {
			isa = PBXSourcesBuildPhase;
			buildActionMask = 2147483647;
			files = (
			);
			runOnlyForDeploymentPostprocessing = 0;
		};
		BB5DE6A92DC738DA003AF6BF /* Sources */ = {
			isa = PBXSourcesBuildPhase;
			buildActionMask = 2147483647;
			files = (
			);
			runOnlyForDeploymentPostprocessing = 0;
		};
		BB5DE6B32DC738DA003AF6BF /* Sources */ = {
			isa = PBXSourcesBuildPhase;
			buildActionMask = 2147483647;
			files = (
			);
			runOnlyForDeploymentPostprocessing = 0;
		};
/* End PBXSourcesBuildPhase section */

/* Begin PBXTargetDependency section */
		BB5DE6AF2DC738DA003AF6BF /* PBXTargetDependency */ = {
			isa = PBXTargetDependency;
			target = BB5DE6932DC738D9003AF6BF /* TinkasSweetEscape */;
			targetProxy = BB5DE6AE2DC738DA003AF6BF /* PBXContainerItemProxy */;
		};
		BB5DE6B92DC738DA003AF6BF /* PBXTargetDependency */ = {
			isa = PBXTargetDependency;
			target = BB5DE6932DC738D9003AF6BF /* TinkasSweetEscape */;
			targetProxy = BB5DE6B82DC738DA003AF6BF /* PBXContainerItemProxy */;
		};
/* End PBXTargetDependency section */

/* Begin XCBuildConfiguration section */
		BB5DE6BF2DC738DA003AF6BF /* Debug */ = {
			isa = XCBuildConfiguration;
			buildSettings = {
				ALWAYS_SEARCH_USER_PATHS = NO;
				ASSETCATALOG_COMPILER_GENERATE_SWIFT_ASSET_SYMBOL_EXTENSIONS = YES;
				CLANG_ANALYZER_NONNULL = YES;
				CLANG_ANALYZER_NUMBER_OBJECT_CONVERSION = YES_AGGRESSIVE;
				CLANG_CXX_LANGUAGE_STANDARD = "gnu++20";
				CLANG_ENABLE_MODULES = YES;
				CLANG_ENABLE_OBJC_ARC = YES;
				CLANG_ENABLE_OBJC_WEAK = YES;
				CLANG_WARN_BLOCK_CAPTURE_AUTORELEASING = YES;
				CLANG_WARN_BOOL_CONVERSION = YES;
				CLANG_WARN_COMMA = YES;
				CLANG_WARN_CONSTANT_CONVERSION = YES;
				CLANG_WARN_DEPRECATED_OBJC_IMPLEMENTATIONS = YES;
				CLANG_WARN_DIRECT_OBJC_ISA_USAGE = YES_ERROR;
				CLANG_WARN_DOCUMENTATION_COMMENTS = YES;
				CLANG_WARN_EMPTY_BODY = YES;
				CLANG_WARN_ENUM_CONVERSION = YES;
				CLANG_WARN_INFINITE_RECURSION = YES;
				CLANG_WARN_INT_CONVERSION = YES;
				CLANG_WARN_NON_LITERAL_NULL_CONVERSION = YES;
				CLANG_WARN_OBJC_IMPLICIT_RETAIN_SELF = YES;
				CLANG_WARN_OBJC_LITERAL_CONVERSION = YES;
				CLANG_WARN_OBJC_ROOT_CLASS = YES_ERROR;
				CLANG_WARN_QUOTED_INCLUDE_IN_FRAMEWORK_HEADER = YES;
				CLANG_WARN_RANGE_LOOP_ANALYSIS = YES;
				CLANG_WARN_STRICT_PROTOTYPES = YES;
				CLANG_WARN_SUSPICIOUS_MOVE = YES;
				CLANG_WARN_UNGUARDED_AVAILABILITY = YES_AGGRESSIVE;
				CLANG_WARN_UNREACHABLE_CODE = YES;
				CLANG_WARN__DUPLICATE_METHOD_MATCH = YES;
				COPY_PHASE_STRIP = NO;
				DEBUG_INFORMATION_FORMAT = dwarf;
				DEVELOPMENT_TEAM = HFWP98X9U4;
				ENABLE_STRICT_OBJC_MSGSEND = YES;
				ENABLE_TESTABILITY = YES;
				ENABLE_USER_SCRIPT_SANDBOXING = YES;
				GCC_C_LANGUAGE_STANDARD = gnu17;
				GCC_DYNAMIC_NO_PIC = NO;
				GCC_NO_COMMON_BLOCKS = YES;
				GCC_OPTIMIZATION_LEVEL = 0;
				GCC_PREPROCESSOR_DEFINITIONS = (
					"DEBUG=1",
					"$(inherited)",
				);
				GCC_WARN_64_TO_32_BIT_CONVERSION = YES;
				GCC_WARN_ABOUT_RETURN_TYPE = YES_ERROR;
				GCC_WARN_UNDECLARED_SELECTOR = YES;
				GCC_WARN_UNINITIALIZED_AUTOS = YES_AGGRESSIVE;
				GCC_WARN_UNUSED_FUNCTION = YES;
				GCC_WARN_UNUSED_VARIABLE = YES;
				IPHONEOS_DEPLOYMENT_TARGET = 18.4;
				LOCALIZATION_PREFERS_STRING_CATALOGS = YES;
				MTL_ENABLE_DEBUG_INFO = INCLUDE_SOURCE;
				MTL_FAST_MATH = YES;
				ONLY_ACTIVE_ARCH = YES;
				SDKROOT = iphoneos;
				SWIFT_ACTIVE_COMPILATION_CONDITIONS = "DEBUG $(inherited)";
				SWIFT_OPTIMIZATION_LEVEL = "-Onone";
			};
			name = Debug;
		};
		BB5DE6C02DC738DA003AF6BF /* Release */ = {
			isa = XCBuildConfiguration;
			buildSettings = {
				ALWAYS_SEARCH_USER_PATHS = NO;
				ASSETCATALOG_COMPILER_GENERATE_SWIFT_ASSET_SYMBOL_EXTENSIONS = YES;
				CLANG_ANALYZER_NONNULL = YES;
				CLANG_ANALYZER_NUMBER_OBJECT_CONVERSION = YES_AGGRESSIVE;
				CLANG_CXX_LANGUAGE_STANDARD = "gnu++20";
				CLANG_ENABLE_MODULES = YES;
				CLANG_ENABLE_OBJC_ARC = YES;
				CLANG_ENABLE_OBJC_WEAK = YES;
				CLANG_WARN_BLOCK_CAPTURE_AUTORELEASING = YES;
				CLANG_WARN_BOOL_CONVERSION = YES;
				CLANG_WARN_COMMA = YES;
				CLANG_WARN_CONSTANT_CONVERSION = YES;
				CLANG_WARN_DEPRECATED_OBJC_IMPLEMENTATIONS = YES;
				CLANG_WARN_DIRECT_OBJC_ISA_USAGE = YES_ERROR;
				CLANG_WARN_DOCUMENTATION_COMMENTS = YES;
				CLANG_WARN_EMPTY_BODY = YES;
				CLANG_WARN_ENUM_CONVERSION = YES;
				CLANG_WARN_INFINITE_RECURSION = YES;
				CLANG_WARN_INT_CONVERSION = YES;
				CLANG_WARN_NON_LITERAL_NULL_CONVERSION = YES;
				CLANG_WARN_OBJC_IMPLICIT_RETAIN_SELF = YES;
				CLANG_WARN_OBJC_LITERAL_CONVERSION = YES;
				CLANG_WARN_OBJC_ROOT_CLASS = YES_ERROR;
				CLANG_WARN_QUOTED_INCLUDE_IN_FRAMEWORK_HEADER = YES;
				CLANG_WARN_RANGE_LOOP_ANALYSIS = YES;
				CLANG_WARN_STRICT_PROTOTYPES = YES;
				CLANG_WARN_SUSPICIOUS_MOVE = YES;
				CLANG_WARN_UNGUARDED_AVAILABILITY = YES_AGGRESSIVE;
				CLANG_WARN_UNREACHABLE_CODE = YES;
				CLANG_WARN__DUPLICATE_METHOD_MATCH = YES;
				COPY_PHASE_STRIP = NO;
				DEBUG_INFORMATION_FORMAT = "dwarf-with-dsym";
				DEVELOPMENT_TEAM = HFWP98X9U4;
				ENABLE_NS_ASSERTIONS = NO;
				ENABLE_STRICT_OBJC_MSGSEND = YES;
				ENABLE_USER_SCRIPT_SANDBOXING = YES;
				GCC_C_LANGUAGE_STANDARD = gnu17;
				GCC_NO_COMMON_BLOCKS = YES;
				GCC_WARN_64_TO_32_BIT_CONVERSION = YES;
				GCC_WARN_ABOUT_RETURN_TYPE = YES_ERROR;
				GCC_WARN_UNDECLARED_SELECTOR = YES;
				GCC_WARN_UNINITIALIZED_AUTOS = YES_AGGRESSIVE;
				GCC_WARN_UNUSED_FUNCTION = YES;
				GCC_WARN_UNUSED_VARIABLE = YES;
				IPHONEOS_DEPLOYMENT_TARGET = 18.4;
				LOCALIZATION_PREFERS_STRING_CATALOGS = YES;
				MTL_ENABLE_DEBUG_INFO = NO;
				MTL_FAST_MATH = YES;
				SDKROOT = iphoneos;
				SWIFT_COMPILATION_MODE = wholemodule;
				VALIDATE_PRODUCT = YES;
			};
			name = Release;
		};
		BB5DE6C22DC738DA003AF6BF /* Debug */ = {
			isa = XCBuildConfiguration;
			buildSettings = {
				ASSETCATALOG_COMPILER_APPICON_NAME = AppIcon;
				ASSETCATALOG_COMPILER_GLOBAL_ACCENT_COLOR_NAME = AccentColor;
				CODE_SIGN_STYLE = Automatic;
				CURRENT_PROJECT_VERSION = 1;
				DEVELOPMENT_TEAM = HFWP98X9U4;
				GENERATE_INFOPLIST_FILE = YES;
				INFOPLIST_KEY_CFBundleDisplayName = "Candy Criminal";
				INFOPLIST_KEY_UIApplicationSupportsIndirectInputEvents = YES;
				INFOPLIST_KEY_UILaunchStoryboardName = LaunchScreen;
				INFOPLIST_KEY_UIMainStoryboardFile = Main;
				INFOPLIST_KEY_UIStatusBarHidden = YES;
				INFOPLIST_KEY_UISupportedInterfaceOrientations_iPad = "UIInterfaceOrientationPortrait UIInterfaceOrientationPortraitUpsideDown UIInterfaceOrientationLandscapeLeft UIInterfaceOrientationLandscapeRight";
				INFOPLIST_KEY_UISupportedInterfaceOrientations_iPhone = "UIInterfaceOrientationPortrait UIInterfaceOrientationLandscapeLeft UIInterfaceOrientationLandscapeRight";
				IPHONEOS_DEPLOYMENT_TARGET = 17.6;
				LD_RUNPATH_SEARCH_PATHS = (
					"$(inherited)",
					"@executable_path/Frameworks",
				);
				MARKETING_VERSION = 1.0;
				PRODUCT_BUNDLE_IDENTIFIER = "com.daria-ada.TinkasSweetEscape";
				PRODUCT_NAME = "$(TARGET_NAME)";
				SWIFT_EMIT_LOC_STRINGS = YES;
				SWIFT_VERSION = 5.0;
				TARGETED_DEVICE_FAMILY = "1,2";
			};
			name = Debug;
		};
		BB5DE6C32DC738DA003AF6BF /* Release */ = {
			isa = XCBuildConfiguration;
			buildSettings = {
				ASSETCATALOG_COMPILER_APPICON_NAME = AppIcon;
				ASSETCATALOG_COMPILER_GLOBAL_ACCENT_COLOR_NAME = AccentColor;
				CODE_SIGN_STYLE = Automatic;
				CURRENT_PROJECT_VERSION = 1;
				DEVELOPMENT_TEAM = HFWP98X9U4;
				GENERATE_INFOPLIST_FILE = YES;
				INFOPLIST_KEY_CFBundleDisplayName = "Candy Criminal";
				INFOPLIST_KEY_UIApplicationSupportsIndirectInputEvents = YES;
				INFOPLIST_KEY_UILaunchStoryboardName = LaunchScreen;
				INFOPLIST_KEY_UIMainStoryboardFile = Main;
				INFOPLIST_KEY_UIStatusBarHidden = YES;
				INFOPLIST_KEY_UISupportedInterfaceOrientations_iPad = "UIInterfaceOrientationPortrait UIInterfaceOrientationPortraitUpsideDown UIInterfaceOrientationLandscapeLeft UIInterfaceOrientationLandscapeRight";
				INFOPLIST_KEY_UISupportedInterfaceOrientations_iPhone = "UIInterfaceOrientationPortrait UIInterfaceOrientationLandscapeLeft UIInterfaceOrientationLandscapeRight";
				IPHONEOS_DEPLOYMENT_TARGET = 17.6;
				LD_RUNPATH_SEARCH_PATHS = (
					"$(inherited)",
					"@executable_path/Frameworks",
				);
				MARKETING_VERSION = 1.0;
				PRODUCT_BUNDLE_IDENTIFIER = "com.daria-ada.TinkasSweetEscape";
				PRODUCT_NAME = "$(TARGET_NAME)";
				SWIFT_EMIT_LOC_STRINGS = YES;
				SWIFT_VERSION = 5.0;
				TARGETED_DEVICE_FAMILY = "1,2";
			};
			name = Release;
		};
		BB5DE6C52DC738DA003AF6BF /* Debug */ = {
			isa = XCBuildConfiguration;
			buildSettings = {
				BUNDLE_LOADER = "$(TEST_HOST)";
				CODE_SIGN_STYLE = Automatic;
				CURRENT_PROJECT_VERSION = 1;
				DEVELOPMENT_TEAM = HFWP98X9U4;
				GENERATE_INFOPLIST_FILE = YES;
				IPHONEOS_DEPLOYMENT_TARGET = 18.4;
				MARKETING_VERSION = 1.0;
				PRODUCT_BUNDLE_IDENTIFIER = "com.daria-ada.TinkasSweetEscapeTests";
				PRODUCT_NAME = "$(TARGET_NAME)";
				SWIFT_EMIT_LOC_STRINGS = NO;
				SWIFT_VERSION = 5.0;
				TARGETED_DEVICE_FAMILY = "1,2";
				TEST_HOST = "$(BUILT_PRODUCTS_DIR)/TinkasSweetEscape.app/$(BUNDLE_EXECUTABLE_FOLDER_PATH)/TinkasSweetEscape";
			};
			name = Debug;
		};
		BB5DE6C62DC738DA003AF6BF /* Release */ = {
			isa = XCBuildConfiguration;
			buildSettings = {
				BUNDLE_LOADER = "$(TEST_HOST)";
				CODE_SIGN_STYLE = Automatic;
				CURRENT_PROJECT_VERSION = 1;
				DEVELOPMENT_TEAM = HFWP98X9U4;
				GENERATE_INFOPLIST_FILE = YES;
				IPHONEOS_DEPLOYMENT_TARGET = 18.4;
				MARKETING_VERSION = 1.0;
				PRODUCT_BUNDLE_IDENTIFIER = "com.daria-ada.TinkasSweetEscapeTests";
				PRODUCT_NAME = "$(TARGET_NAME)";
				SWIFT_EMIT_LOC_STRINGS = NO;
				SWIFT_VERSION = 5.0;
				TARGETED_DEVICE_FAMILY = "1,2";
				TEST_HOST = "$(BUILT_PRODUCTS_DIR)/TinkasSweetEscape.app/$(BUNDLE_EXECUTABLE_FOLDER_PATH)/TinkasSweetEscape";
			};
			name = Release;
		};
		BB5DE6C82DC738DA003AF6BF /* Debug */ = {
			isa = XCBuildConfiguration;
			buildSettings = {
				CODE_SIGN_STYLE = Automatic;
				CURRENT_PROJECT_VERSION = 1;
				DEVELOPMENT_TEAM = HFWP98X9U4;
				GENERATE_INFOPLIST_FILE = YES;
				MARKETING_VERSION = 1.0;
				PRODUCT_BUNDLE_IDENTIFIER = "com.daria-ada.TinkasSweetEscapeUITests";
				PRODUCT_NAME = "$(TARGET_NAME)";
				SWIFT_EMIT_LOC_STRINGS = NO;
				SWIFT_VERSION = 5.0;
				TARGETED_DEVICE_FAMILY = "1,2";
				TEST_TARGET_NAME = TinkasSweetEscape;
			};
			name = Debug;
		};
		BB5DE6C92DC738DA003AF6BF /* Release */ = {
			isa = XCBuildConfiguration;
			buildSettings = {
				CODE_SIGN_STYLE = Automatic;
				CURRENT_PROJECT_VERSION = 1;
				DEVELOPMENT_TEAM = HFWP98X9U4;
				GENERATE_INFOPLIST_FILE = YES;
				MARKETING_VERSION = 1.0;
				PRODUCT_BUNDLE_IDENTIFIER = "com.daria-ada.TinkasSweetEscapeUITests";
				PRODUCT_NAME = "$(TARGET_NAME)";
				SWIFT_EMIT_LOC_STRINGS = NO;
				SWIFT_VERSION = 5.0;
				TARGETED_DEVICE_FAMILY = "1,2";
				TEST_TARGET_NAME = TinkasSweetEscape;
			};
			name = Release;
		};
/* End XCBuildConfiguration section */

/* Begin XCConfigurationList section */
		BB5DE68F2DC738D9003AF6BF /* Build configuration list for PBXProject "TinkasSweetEscape" */ = {
			isa = XCConfigurationList;
			buildConfigurations = (
				BB5DE6BF2DC738DA003AF6BF /* Debug */,
				BB5DE6C02DC738DA003AF6BF /* Release */,
			);
			defaultConfigurationIsVisible = 0;
			defaultConfigurationName = Release;
		};
		BB5DE6C12DC738DA003AF6BF /* Build configuration list for PBXNativeTarget "TinkasSweetEscape" */ = {
			isa = XCConfigurationList;
			buildConfigurations = (
				BB5DE6C22DC738DA003AF6BF /* Debug */,
				BB5DE6C32DC738DA003AF6BF /* Release */,
			);
			defaultConfigurationIsVisible = 0;
			defaultConfigurationName = Release;
		};
		BB5DE6C42DC738DA003AF6BF /* Build configuration list for PBXNativeTarget "TinkasSweetEscapeTests" */ = {
			isa = XCConfigurationList;
			buildConfigurations = (
				BB5DE6C52DC738DA003AF6BF /* Debug */,
				BB5DE6C62DC738DA003AF6BF /* Release */,
			);
			defaultConfigurationIsVisible = 0;
			defaultConfigurationName = Release;
		};
		BB5DE6C72DC738DA003AF6BF /* Build configuration list for PBXNativeTarget "TinkasSweetEscapeUITests" */ = {
			isa = XCConfigurationList;
			buildConfigurations = (
				BB5DE6C82DC738DA003AF6BF /* Debug */,
				BB5DE6C92DC738DA003AF6BF /* Release */,
			);
			defaultConfigurationIsVisible = 0;
			defaultConfigurationName = Release;
		};
/* End XCConfigurationList section */
	};
	rootObject = BB5DE68C2DC738D9003AF6BF /* Project object */;
}
